// !$*UTF8*$!
{
	archiveVersion = 1;
	classes = {
	};
	objectVersion = 50;
	objects = {

/* Begin PBXFileReference section */
		2AFB0BAF25F1C61C00B84780 /* index.html */ = {isa = PBXFileReference; lastKnownFileType = text.html; path = index.html; sourceTree = "<group>"; };
		2AFB0BB025F1C67F00B84780 /* manifest.json */ = {isa = PBXFileReference; lastKnownFileType = text.json; path = manifest.json; sourceTree = "<group>"; };
		2AFB0BB125F1CDE100B84780 /* serviceworker.js */ = {isa = PBXFileReference; lastKnownFileType = sourcecode.javascript; path = serviceworker.js; sourceTree = "<group>"; };
/* End PBXFileReference section */

/* Begin PBXGroup section */
		2AFB0BA825F1C5F500B84780 = {
			isa = PBXGroup;
			children = (
				2AFB0BB125F1CDE100B84780 /* serviceworker.js */,
				2AFB0BB025F1C67F00B84780 /* manifest.json */,
				2AFB0BAF25F1C61C00B84780 /* index.html */,
			);
			sourceTree = "<group>";
		};
/* End PBXGroup section */

/* Begin PBXProject section */
		2AFB0BA925F1C5F500B84780 /* Project object */ = {
			isa = PBXProject;
			attributes = {
				LastUpgradeCheck = 1000;
			};
			buildConfigurationList = 2AFB0BAC25F1C5F500B84780 /* Build configuration list for PBXProject "monte_track_the_planks" */;
			compatibilityVersion = "Xcode 9.3";
			developmentRegion = en;
			hasScannedForEncodings = 0;
			knownRegions = (
				en,
			);
			mainGroup = 2AFB0BA825F1C5F500B84780;
			projectDirPath = "";
			projectRoot = "";
			targets = (
			);
		};
/* End PBXProject section */

/* Begin XCBuildConfiguration section */
		2AFB0BAD25F1C5F500B84780 /* Debug */ = {
			isa = XCBuildConfiguration;
			buildSettings = {
			};
			name = Debug;
		};
		2AFB0BAE25F1C5F500B84780 /* Release */ = {
			isa = XCBuildConfiguration;
			buildSettings = {
			};
			name = Release;
		};
/* End XCBuildConfiguration section */

/* Begin XCConfigurationList section */
		2AFB0BAC25F1C5F500B84780 /* Build configuration list for PBXProject "monte_track_the_planks" */ = {
			isa = XCConfigurationList;
			buildConfigurations = (
				2AFB0BAD25F1C5F500B84780 /* Debug */,
				2AFB0BAE25F1C5F500B84780 /* Release */,
			);
			defaultConfigurationIsVisible = 0;
			defaultConfigurationName = Release;
		};
/* End XCConfigurationList section */
	};
	rootObject = 2AFB0BA925F1C5F500B84780 /* Project object */;
}
